
Microsoft Visual Studio Solution File, Format Version 12.00
# Visual Studio Version 17
VisualStudioVersion = 17.8.34330.188
MinimumVisualStudioVersion = 10.0.40219.1
Project("{9A19103F-16F7-4668-BE54-9A1E7A4F7556}") = "VortexVise.Desktop", "VortexVise.Desktop\VortexVise.Desktop.csproj", "{9CC63E0A-6E31-4999-B008-28E116EBB705}"
EndProject
Project("{9A19103F-16F7-4668-BE54-9A1E7A4F7556}") = "VortexVise.Editor", "VortexVise.Editor\VortexVise.Editor.csproj", "{4DBFB6B5-D4FD-4EB5-B546-2D81B4076789}"
EndProject
Project("{2150E333-8FDC-42A3-9474-1A3956D46DE8}") = "Solution Items", "Solution Items", "{20C6FB8B-0310-4716-9DAB-A7FF1E886E46}"
	ProjectSection(SolutionItems) = preProject
		.editorconfig = .editorconfig
	EndProjectSection
EndProject
Project("{9A19103F-16F7-4668-BE54-9A1E7A4F7556}") = "VortexVise.Core", "VortexVise.Core\VortexVise.Core.csproj", "{D24D53FC-C797-4000-847A-7B6702ED49D3}"
EndProject
Project("{FAE04EC0-301F-11D3-BF4B-00C04F79EFBC}") = "VortexVise.Web", "VortexVise.Web\VortexVise.Web.csproj", "{3B783826-CEBF-4018-961B-7ED9EFD1E9A4}"
EndProject
Global
	GlobalSection(SolutionConfigurationPlatforms) = preSolution
		Debug|Any CPU = Debug|Any CPU
		Release|Any CPU = Release|Any CPU
	EndGlobalSection
	GlobalSection(ProjectConfigurationPlatforms) = postSolution
		{9CC63E0A-6E31-4999-B008-28E116EBB705}.Debug|Any CPU.ActiveCfg = Debug|Any CPU
		{9CC63E0A-6E31-4999-B008-28E116EBB705}.Debug|Any CPU.Build.0 = Debug|Any CPU
		{9CC63E0A-6E31-4999-B008-28E116EBB705}.Release|Any CPU.ActiveCfg = Release|Any CPU
		{9CC63E0A-6E31-4999-B008-28E116EBB705}.Release|Any CPU.Build.0 = Release|Any CPU
		{4DBFB6B5-D4FD-4EB5-B546-2D81B4076789}.Debug|Any CPU.ActiveCfg = Debug|Any CPU
		{4DBFB6B5-D4FD-4EB5-B546-2D81B4076789}.Debug|Any CPU.Build.0 = Debug|Any CPU
		{4DBFB6B5-D4FD-4EB5-B546-2D81B4076789}.Release|Any CPU.ActiveCfg = Release|Any CPU
		{4DBFB6B5-D4FD-4EB5-B546-2D81B4076789}.Release|Any CPU.Build.0 = Release|Any CPU
		{D24D53FC-C797-4000-847A-7B6702ED49D3}.Debug|Any CPU.ActiveCfg = Debug|Any CPU
		{D24D53FC-C797-4000-847A-7B6702ED49D3}.Debug|Any CPU.Build.0 = Debug|Any CPU
		{D24D53FC-C797-4000-847A-7B6702ED49D3}.Release|Any CPU.ActiveCfg = Release|Any CPU
		{D24D53FC-C797-4000-847A-7B6702ED49D3}.Release|Any CPU.Build.0 = Release|Any CPU
		{3B783826-CEBF-4018-961B-7ED9EFD1E9A4}.Debug|Any CPU.ActiveCfg = Debug|Any CPU
		{3B783826-CEBF-4018-961B-7ED9EFD1E9A4}.Debug|Any CPU.Build.0 = Debug|Any CPU
		{3B783826-CEBF-4018-961B-7ED9EFD1E9A4}.Release|Any CPU.ActiveCfg = Release|Any CPU
		{3B783826-CEBF-4018-961B-7ED9EFD1E9A4}.Release|Any CPU.Build.0 = Release|Any CPU
	EndGlobalSection
	GlobalSection(SolutionProperties) = preSolution
		HideSolutionNode = FALSE
	EndGlobalSection
	GlobalSection(ExtensibilityGlobals) = postSolution
		SolutionGuid = {407282BE-C0C8-423C-BE10-1BEDDB2010E6}
	EndGlobalSection
EndGlobal
